
Microsoft Visual Studio Solution File, Format Version 12.00
# Visual Studio Version 17
VisualStudioVersion = 17.14.36518.9 d17.14
MinimumVisualStudioVersion = 10.0.40219.1
Project("{FAE04EC0-301F-11D3-BF4B-00C04F79EFBC}") = "ExercicioNotificacao1303", "ExercicioNotificacao1303\ExercicioNotificacao1303.csproj", "{1CEEDDD4-80ED-4162-9442-36CAB138CCA6}"
EndProject
Global
	GlobalSection(SolutionConfigurationPlatforms) = preSolution
		Debug|Any CPU = Debug|Any CPU
		Release|Any CPU = Release|Any CPU
	EndGlobalSection
	GlobalSection(ProjectConfigurationPlatforms) = postSolution
		{1CEEDDD4-80ED-4162-9442-36CAB138CCA6}.Debug|Any CPU.ActiveCfg = Debug|Any CPU
		{1CEEDDD4-80ED-4162-9442-36CAB138CCA6}.Debug|Any CPU.Build.0 = Debug|Any CPU
		{1CEEDDD4-80ED-4162-9442-36CAB138CCA6}.Release|Any CPU.ActiveCfg = Release|Any CPU
		{1CEEDDD4-80ED-4162-9442-36CAB138CCA6}.Release|Any CPU.Build.0 = Release|Any CPU
	EndGlobalSection
	GlobalSection(SolutionProperties) = preSolution
		HideSolutionNode = FALSE
	EndGlobalSection
	GlobalSection(ExtensibilityGlobals) = postSolution
		SolutionGuid = {2ED78FF6-F217-4281-A0C0-697B9B555824}
	EndGlobalSection
EndGlobal
