
Microsoft Visual Studio Solution File, Format Version 12.00
# Visual Studio Version 17
VisualStudioVersion = 17.14.36518.9 d17.14
MinimumVisualStudioVersion = 10.0.40219.1
Project("{FAE04EC0-301F-11D3-BF4B-00C04F79EFBC}") = "1303", "1303\1303.csproj", "{352A2FEA-E344-413B-B451-F38B64EDF580}"
EndProject
Global
	GlobalSection(SolutionConfigurationPlatforms) = preSolution
		Debug|Any CPU = Debug|Any CPU
		Release|Any CPU = Release|Any CPU
	EndGlobalSection
	GlobalSection(ProjectConfigurationPlatforms) = postSolution
		{352A2FEA-E344-413B-B451-F38B64EDF580}.Debug|Any CPU.ActiveCfg = Debug|Any CPU
		{352A2FEA-E344-413B-B451-F38B64EDF580}.Debug|Any CPU.Build.0 = Debug|Any CPU
		{352A2FEA-E344-413B-B451-F38B64EDF580}.Release|Any CPU.ActiveCfg = Release|Any CPU
		{352A2FEA-E344-413B-B451-F38B64EDF580}.Release|Any CPU.Build.0 = Release|Any CPU
	EndGlobalSection
	GlobalSection(SolutionProperties) = preSolution
		HideSolutionNode = FALSE
	EndGlobalSection
	GlobalSection(ExtensibilityGlobals) = postSolution
		SolutionGuid = {B98F9E97-D0D9-4B05-865D-86AA8861A24F}
	EndGlobalSection
EndGlobal
